// !$*UTF8*$!
{
	archiveVersion = 1;
	classes = {
	};
	objectVersion = 46;
	objects = {

/* Begin PBXBuildFile section */
		DD219D4F1E16C336003EB294 /* AppDelegate.swift in Sources */ = {isa = PBXBuildFile; fileRef = DD219D4E1E16C336003EB294 /* AppDelegate.swift */; };
		DD219D511E16C336003EB294 /* ViewController.swift in Sources */ = {isa = PBXBuildFile; fileRef = DD219D501E16C336003EB294 /* ViewController.swift */; };
		DD219D541E16C336003EB294 /* Main.storyboard in Resources */ = {isa = PBXBuildFile; fileRef = DD219D521E16C336003EB294 /* Main.storyboard */; };
		DD219D561E16C336003EB294 /* Assets.xcassets in Resources */ = {isa = PBXBuildFile; fileRef = DD219D551E16C336003EB294 /* Assets.xcassets */; };
		DD219D591E16C336003EB294 /* LaunchScreen.storyboard in Resources */ = {isa = PBXBuildFile; fileRef = DD219D571E16C336003EB294 /* LaunchScreen.storyboard */; };
		DD219D641E16C336003EB294 /* FliCalcTests.swift in Sources */ = {isa = PBXBuildFile; fileRef = DD219D631E16C336003EB294 /* FliCalcTests.swift */; };
		DD219D6F1E16C336003EB294 /* FliCalcUITests.swift in Sources */ = {isa = PBXBuildFile; fileRef = DD219D6E1E16C336003EB294 /* FliCalcUITests.swift */; };
/* End PBXBuildFile section */

/* Begin PBXContainerItemProxy section */
		DD219D601E16C336003EB294 /* PBXContainerItemProxy */ = {
			isa = PBXContainerItemProxy;
			containerPortal = DD219D431E16C336003EB294 /* Project object */;
			proxyType = 1;
			remoteGlobalIDString = DD219D4A1E16C336003EB294;
			remoteInfo = FliCalc;
		};
		DD219D6B1E16C336003EB294 /* PBXContainerItemProxy */ = {
			isa = PBXContainerItemProxy;
			containerPortal = DD219D431E16C336003EB294 /* Project object */;
			proxyType = 1;
			remoteGlobalIDString = DD219D4A1E16C336003EB294;
			remoteInfo = FliCalc;
		};
/* End PBXContainerItemProxy section */

/* Begin PBXFileReference section */
		DD219D4B1E16C336003EB294 /* FliCalc.app */ = {isa = PBXFileReference; explicitFileType = wrapper.application; includeInIndex = 0; path = FliCalc.app; sourceTree = BUILT_PRODUCTS_DIR; };
		DD219D4E1E16C336003EB294 /* AppDelegate.swift */ = {isa = PBXFileReference; lastKnownFileType = sourcecode.swift; path = AppDelegate.swift; sourceTree = "<group>"; };
		DD219D501E16C336003EB294 /* ViewController.swift */ = {isa = PBXFileReference; lastKnownFileType = sourcecode.swift; path = ViewController.swift; sourceTree = "<group>"; };
		DD219D531E16C336003EB294 /* Base */ = {isa = PBXFileReference; lastKnownFileType = file.storyboard; name = Base; path = Base.lproj/Main.storyboard; sourceTree = "<group>"; };
		DD219D551E16C336003EB294 /* Assets.xcassets */ = {isa = PBXFileReference; lastKnownFileType = folder.assetcatalog; path = Assets.xcassets; sourceTree = "<group>"; };
		DD219D581E16C336003EB294 /* Base */ = {isa = PBXFileReference; lastKnownFileType = file.storyboard; name = Base; path = Base.lproj/LaunchScreen.storyboard; sourceTree = "<group>"; };
		DD219D5A1E16C336003EB294 /* Info.plist */ = {isa = PBXFileReference; lastKnownFileType = text.plist.xml; path = Info.plist; sourceTree = "<group>"; };
		DD219D5F1E16C336003EB294 /* FliCalcTests.xctest */ = {isa = PBXFileReference; explicitFileType = wrapper.cfbundle; includeInIndex = 0; path = FliCalcTests.xctest; sourceTree = BUILT_PRODUCTS_DIR; };
		DD219D631E16C336003EB294 /* FliCalcTests.swift */ = {isa = PBXFileReference; lastKnownFileType = sourcecode.swift; path = FliCalcTests.swift; sourceTree = "<group>"; };
		DD219D651E16C336003EB294 /* Info.plist */ = {isa = PBXFileReference; lastKnownFileType = text.plist.xml; path = Info.plist; sourceTree = "<group>"; };
		DD219D6A1E16C336003EB294 /* FliCalcUITests.xctest */ = {isa = PBXFileReference; explicitFileType = wrapper.cfbundle; includeInIndex = 0; path = FliCalcUITests.xctest; sourceTree = BUILT_PRODUCTS_DIR; };
		DD219D6E1E16C336003EB294 /* FliCalcUITests.swift */ = {isa = PBXFileReference; lastKnownFileType = sourcecode.swift; path = FliCalcUITests.swift; sourceTree = "<group>"; };
		DD219D701E16C336003EB294 /* Info.plist */ = {isa = PBXFileReference; lastKnownFileType = text.plist.xml; path = Info.plist; sourceTree = "<group>"; };
/* End PBXFileReference section */

/* Begin PBXFrameworksBuildPhase section */
		DD219D481E16C336003EB294 /* Frameworks */ = {
			isa = PBXFrameworksBuildPhase;
			buildActionMask = 2147483647;
			files = (
			);
			runOnlyForDeploymentPostprocessing = 0;
		};
		DD219D5C1E16C336003EB294 /* Frameworks */ = {
			isa = PBXFrameworksBuildPhase;
			buildActionMask = 2147483647;
			files = (
			);
			runOnlyForDeploymentPostprocessing = 0;
		};
		DD219D671E16C336003EB294 /* Frameworks */ = {
			isa = PBXFrameworksBuildPhase;
			buildActionMask = 2147483647;
			files = (
			);
			runOnlyForDeploymentPostprocessing = 0;
		};
/* End PBXFrameworksBuildPhase section */

/* Begin PBXGroup section */
		DD219D421E16C336003EB294 = {
			isa = PBXGroup;
			children = (
				DD219D4D1E16C336003EB294 /* FliCalc */,
				DD219D621E16C336003EB294 /* FliCalcTests */,
				DD219D6D1E16C336003EB294 /* FliCalcUITests */,
				DD219D4C1E16C336003EB294 /* Products */,
			);
			sourceTree = "<group>";
		};
		DD219D4C1E16C336003EB294 /* Products */ = {
			isa = PBXGroup;
			children = (
				DD219D4B1E16C336003EB294 /* FliCalc.app */,
				DD219D5F1E16C336003EB294 /* FliCalcTests.xctest */,
				DD219D6A1E16C336003EB294 /* FliCalcUITests.xctest */,
			);
			name = Products;
			sourceTree = "<group>";
		};
		DD219D4D1E16C336003EB294 /* FliCalc */ = {
			isa = PBXGroup;
			children = (
				DD219D4E1E16C336003EB294 /* AppDelegate.swift */,
				DD219D501E16C336003EB294 /* ViewController.swift */,
				DD219D521E16C336003EB294 /* Main.storyboard */,
				DD219D551E16C336003EB294 /* Assets.xcassets */,
				DD219D571E16C336003EB294 /* LaunchScreen.storyboard */,
				DD219D5A1E16C336003EB294 /* Info.plist */,
			);
			path = FliCalc;
			sourceTree = "<group>";
		};
		DD219D621E16C336003EB294 /* FliCalcTests */ = {
			isa = PBXGroup;
			children = (
				DD219D631E16C336003EB294 /* FliCalcTests.swift */,
				DD219D651E16C336003EB294 /* Info.plist */,
			);
			path = FliCalcTests;
			sourceTree = "<group>";
		};
		DD219D6D1E16C336003EB294 /* FliCalcUITests */ = {
			isa = PBXGroup;
			children = (
				DD219D6E1E16C336003EB294 /* FliCalcUITests.swift */,
				DD219D701E16C336003EB294 /* Info.plist */,
			);
			path = FliCalcUITests;
			sourceTree = "<group>";
		};
/* End PBXGroup section */

/* Begin PBXNativeTarget section */
		DD219D4A1E16C336003EB294 /* FliCalc */ = {
			isa = PBXNativeTarget;
			buildConfigurationList = DD219D731E16C336003EB294 /* Build configuration list for PBXNativeTarget "FliCalc" */;
			buildPhases = (
				DD219D471E16C336003EB294 /* Sources */,
				DD219D481E16C336003EB294 /* Frameworks */,
				DD219D491E16C336003EB294 /* Resources */,
			);
			buildRules = (
			);
			dependencies = (
			);
			name = FliCalc;
			productName = FliCalc;
			productReference = DD219D4B1E16C336003EB294 /* FliCalc.app */;
			productType = "com.apple.product-type.application";
		};
		DD219D5E1E16C336003EB294 /* FliCalcTests */ = {
			isa = PBXNativeTarget;
			buildConfigurationList = DD219D761E16C336003EB294 /* Build configuration list for PBXNativeTarget "FliCalcTests" */;
			buildPhases = (
				DD219D5B1E16C336003EB294 /* Sources */,
				DD219D5C1E16C336003EB294 /* Frameworks */,
				DD219D5D1E16C336003EB294 /* Resources */,
			);
			buildRules = (
			);
			dependencies = (
				DD219D611E16C336003EB294 /* PBXTargetDependency */,
			);
			name = FliCalcTests;
			productName = FliCalcTests;
			productReference = DD219D5F1E16C336003EB294 /* FliCalcTests.xctest */;
			productType = "com.apple.product-type.bundle.unit-test";
		};
		DD219D691E16C336003EB294 /* FliCalcUITests */ = {
			isa = PBXNativeTarget;
			buildConfigurationList = DD219D791E16C336003EB294 /* Build configuration list for PBXNativeTarget "FliCalcUITests" */;
			buildPhases = (
				DD219D661E16C336003EB294 /* Sources */,
				DD219D671E16C336003EB294 /* Frameworks */,
				DD219D681E16C336003EB294 /* Resources */,
			);
			buildRules = (
			);
			dependencies = (
				DD219D6C1E16C336003EB294 /* PBXTargetDependency */,
			);
			name = FliCalcUITests;
			productName = FliCalcUITests;
			productReference = DD219D6A1E16C336003EB294 /* FliCalcUITests.xctest */;
			productType = "com.apple.product-type.bundle.ui-testing";
		};
/* End PBXNativeTarget section */

/* Begin PBXProject section */
		DD219D431E16C336003EB294 /* Project object */ = {
			isa = PBXProject;
			attributes = {
				LastSwiftUpdateCheck = 0800;
				LastUpgradeCheck = 0800;
				ORGANIZATIONNAME = "板東慶一郎";
				TargetAttributes = {
					DD219D4A1E16C336003EB294 = {
						CreatedOnToolsVersion = 8.0;
						DevelopmentTeam = ESGKKC3YTL;
						ProvisioningStyle = Automatic;
					};
					DD219D5E1E16C336003EB294 = {
						CreatedOnToolsVersion = 8.0;
						ProvisioningStyle = Automatic;
						TestTargetID = DD219D4A1E16C336003EB294;
					};
					DD219D691E16C336003EB294 = {
						CreatedOnToolsVersion = 8.0;
						ProvisioningStyle = Automatic;
						TestTargetID = DD219D4A1E16C336003EB294;
					};
				};
			};
			buildConfigurationList = DD219D461E16C336003EB294 /* Build configuration list for PBXProject "FliCalc" */;
			compatibilityVersion = "Xcode 3.2";
			developmentRegion = English;
			hasScannedForEncodings = 0;
			knownRegions = (
				en,
				Base,
			);
			mainGroup = DD219D421E16C336003EB294;
			productRefGroup = DD219D4C1E16C336003EB294 /* Products */;
			projectDirPath = "";
			projectRoot = "";
			targets = (
				DD219D4A1E16C336003EB294 /* FliCalc */,
				DD219D5E1E16C336003EB294 /* FliCalcTests */,
				DD219D691E16C336003EB294 /* FliCalcUITests */,
			);
		};
/* End PBXProject section */

/* Begin PBXResourcesBuildPhase section */
		DD219D491E16C336003EB294 /* Resources */ = {
			isa = PBXResourcesBuildPhase;
			buildActionMask = 2147483647;
			files = (
				DD219D591E16C336003EB294 /* LaunchScreen.storyboard in Resources */,
				DD219D561E16C336003EB294 /* Assets.xcassets in Resources */,
				DD219D541E16C336003EB294 /* Main.storyboard in Resources */,
			);
			runOnlyForDeploymentPostprocessing = 0;
		};
		DD219D5D1E16C336003EB294 /* Resources */ = {
			isa = PBXResourcesBuildPhase;
			buildActionMask = 2147483647;
			files = (
			);
			runOnlyForDeploymentPostprocessing = 0;
		};
		DD219D681E16C336003EB294 /* Resources */ = {
			isa = PBXResourcesBuildPhase;
			buildActionMask = 2147483647;
			files = (
			);
			runOnlyForDeploymentPostprocessing = 0;
		};
/* End PBXResourcesBuildPhase section */

/* Begin PBXSourcesBuildPhase section */
		DD219D471E16C336003EB294 /* Sources */ = {
			isa = PBXSourcesBuildPhase;
			buildActionMask = 2147483647;
			files = (
				DD219D511E16C336003EB294 /* ViewController.swift in Sources */,
				DD219D4F1E16C336003EB294 /* AppDelegate.swift in Sources */,
			);
			runOnlyForDeploymentPostprocessing = 0;
		};
		DD219D5B1E16C336003EB294 /* Sources */ = {
			isa = PBXSourcesBuildPhase;
			buildActionMask = 2147483647;
			files = (
				DD219D641E16C336003EB294 /* FliCalcTests.swift in Sources */,
			);
			runOnlyForDeploymentPostprocessing = 0;
		};
		DD219D661E16C336003EB294 /* Sources */ = {
			isa = PBXSourcesBuildPhase;
			buildActionMask = 2147483647;
			files = (
				DD219D6F1E16C336003EB294 /* FliCalcUITests.swift in Sources */,
			);
			runOnlyForDeploymentPostprocessing = 0;
		};
/* End PBXSourcesBuildPhase section */

/* Begin PBXTargetDependency section */
		DD219D611E16C336003EB294 /* PBXTargetDependency */ = {
			isa = PBXTargetDependency;
			target = DD219D4A1E16C336003EB294 /* FliCalc */;
			targetProxy = DD219D601E16C336003EB294 /* PBXContainerItemProxy */;
		};
		DD219D6C1E16C336003EB294 /* PBXTargetDependency */ = {
			isa = PBXTargetDependency;
			target = DD219D4A1E16C336003EB294 /* FliCalc */;
			targetProxy = DD219D6B1E16C336003EB294 /* PBXContainerItemProxy */;
		};
/* End PBXTargetDependency section */

/* Begin PBXVariantGroup section */
		DD219D521E16C336003EB294 /* Main.storyboard */ = {
			isa = PBXVariantGroup;
			children = (
				DD219D531E16C336003EB294 /* Base */,
			);
			name = Main.storyboard;
			sourceTree = "<group>";
		};
		DD219D571E16C336003EB294 /* LaunchScreen.storyboard */ = {
			isa = PBXVariantGroup;
			children = (
				DD219D581E16C336003EB294 /* Base */,
			);
			name = LaunchScreen.storyboard;
			sourceTree = "<group>";
		};
/* End PBXVariantGroup section */

/* Begin XCBuildConfiguration section */
		DD219D711E16C336003EB294 /* Debug */ = {
			isa = XCBuildConfiguration;
			buildSettings = {
				ALWAYS_SEARCH_USER_PATHS = NO;
				CLANG_ANALYZER_NONNULL = YES;
				CLANG_CXX_LANGUAGE_STANDARD = "gnu++0x";
				CLANG_CXX_LIBRARY = "libc++";
				CLANG_ENABLE_MODULES = YES;
				CLANG_ENABLE_OBJC_ARC = YES;
				CLANG_WARN_BOOL_CONVERSION = YES;
				CLANG_WARN_CONSTANT_CONVERSION = YES;
				CLANG_WARN_DIRECT_OBJC_ISA_USAGE = YES_ERROR;
				CLANG_WARN_DOCUMENTATION_COMMENTS = YES;
				CLANG_WARN_EMPTY_BODY = YES;
				CLANG_WARN_ENUM_CONVERSION = YES;
				CLANG_WARN_INFINITE_RECURSION = YES;
				CLANG_WARN_INT_CONVERSION = YES;
				CLANG_WARN_OBJC_ROOT_CLASS = YES_ERROR;
				CLANG_WARN_SUSPICIOUS_MOVES = YES;
				CLANG_WARN_UNREACHABLE_CODE = YES;
				CLANG_WARN__DUPLICATE_METHOD_MATCH = YES;
				"CODE_SIGN_IDENTITY[sdk=iphoneos*]" = "iPhone Developer";
				COPY_PHASE_STRIP = NO;
				DEBUG_INFORMATION_FORMAT = dwarf;
				ENABLE_STRICT_OBJC_MSGSEND = YES;
				ENABLE_TESTABILITY = YES;
				GCC_C_LANGUAGE_STANDARD = gnu99;
				GCC_DYNAMIC_NO_PIC = NO;
				GCC_NO_COMMON_BLOCKS = YES;
				GCC_OPTIMIZATION_LEVEL = 0;
				GCC_PREPROCESSOR_DEFINITIONS = (
					"DEBUG=1",
					"$(inherited)",
				);
				GCC_WARN_64_TO_32_BIT_CONVERSION = YES;
				GCC_WARN_ABOUT_RETURN_TYPE = YES_ERROR;
				GCC_WARN_UNDECLARED_SELECTOR = YES;
				GCC_WARN_UNINITIALIZED_AUTOS = YES_AGGRESSIVE;
				GCC_WARN_UNUSED_FUNCTION = YES;
				GCC_WARN_UNUSED_VARIABLE = YES;
				IPHONEOS_DEPLOYMENT_TARGET = 10.0;
				MTL_ENABLE_DEBUG_INFO = YES;
				ONLY_ACTIVE_ARCH = YES;
				SDKROOT = iphoneos;
				SWIFT_ACTIVE_COMPILATION_CONDITIONS = DEBUG;
				SWIFT_OPTIMIZATION_LEVEL = "-Onone";
			};
			name = Debug;
		};
		DD219D721E16C336003EB294 /* Release */ = {
			isa = XCBuildConfiguration;
			buildSettings = {
				ALWAYS_SEARCH_USER_PATHS = NO;
				CLANG_ANALYZER_NONNULL = YES;
				CLANG_CXX_LANGUAGE_STANDARD = "gnu++0x";
				CLANG_CXX_LIBRARY = "libc++";
				CLANG_ENABLE_MODULES = YES;
				CLANG_ENABLE_OBJC_ARC = YES;
				CLANG_WARN_BOOL_CONVERSION = YES;
				CLANG_WARN_CONSTANT_CONVERSION = YES;
				CLANG_WARN_DIRECT_OBJC_ISA_USAGE = YES_ERROR;
				CLANG_WARN_DOCUMENTATION_COMMENTS = YES;
				CLANG_WARN_EMPTY_BODY = YES;
				CLANG_WARN_ENUM_CONVERSION = YES;
				CLANG_WARN_INFINITE_RECURSION = YES;
				CLANG_WARN_INT_CONVERSION = YES;
				CLANG_WARN_OBJC_ROOT_CLASS = YES_ERROR;
				CLANG_WARN_SUSPICIOUS_MOVES = YES;
				CLANG_WARN_UNREACHABLE_CODE = YES;
				CLANG_WARN__DUPLICATE_METHOD_MATCH = YES;
				"CODE_SIGN_IDENTITY[sdk=iphoneos*]" = "iPhone Developer";
				COPY_PHASE_STRIP = NO;
				DEBUG_INFORMATION_FORMAT = "dwarf-with-dsym";
				ENABLE_NS_ASSERTIONS = NO;
				ENABLE_STRICT_OBJC_MSGSEND = YES;
				GCC_C_LANGUAGE_STANDARD = gnu99;
				GCC_NO_COMMON_BLOCKS = YES;
				GCC_WARN_64_TO_32_BIT_CONVERSION = YES;
				GCC_WARN_ABOUT_RETURN_TYPE = YES_ERROR;
				GCC_WARN_UNDECLARED_SELECTOR = YES;
				GCC_WARN_UNINITIALIZED_AUTOS = YES_AGGRESSIVE;
				GCC_WARN_UNUSED_FUNCTION = YES;
				GCC_WARN_UNUSED_VARIABLE = YES;
				IPHONEOS_DEPLOYMENT_TARGET = 10.0;
				MTL_ENABLE_DEBUG_INFO = NO;
				SDKROOT = iphoneos;
				SWIFT_OPTIMIZATION_LEVEL = "-Owholemodule";
				VALIDATE_PRODUCT = YES;
			};
			name = Release;
		};
		DD219D741E16C336003EB294 /* Debug */ = {
			isa = XCBuildConfiguration;
			buildSettings = {
				ASSETCATALOG_COMPILER_APPICON_NAME = AppIcon;
				DEVELOPMENT_TEAM = ESGKKC3YTL;
				INFOPLIST_FILE = FliCalc/Info.plist;
				IPHONEOS_DEPLOYMENT_TARGET = 10.0;
				LD_RUNPATH_SEARCH_PATHS = "$(inherited) @executable_path/Frameworks";
				PRODUCT_BUNDLE_IDENTIFIER = vandom.FliCalc;
				PRODUCT_NAME = "$(TARGET_NAME)";
				SWIFT_VERSION = 3.0;
				TARGETED_DEVICE_FAMILY = 1;
			};
			name = Debug;
		};
		DD219D751E16C336003EB294 /* Release */ = {
			isa = XCBuildConfiguration;
			buildSettings = {
				ASSETCATALOG_COMPILER_APPICON_NAME = AppIcon;
				DEVELOPMENT_TEAM = ESGKKC3YTL;
				INFOPLIST_FILE = FliCalc/Info.plist;
				IPHONEOS_DEPLOYMENT_TARGET = 10.0;
				LD_RUNPATH_SEARCH_PATHS = "$(inherited) @executable_path/Frameworks";
				PRODUCT_BUNDLE_IDENTIFIER = vandom.FliCalc;
				PRODUCT_NAME = "$(TARGET_NAME)";
				SWIFT_VERSION = 3.0;
				TARGETED_DEVICE_FAMILY = 1;
			};
			name = Release;
		};
		DD219D771E16C336003EB294 /* Debug */ = {
			isa = XCBuildConfiguration;
			buildSettings = {
				ALWAYS_EMBED_SWIFT_STANDARD_LIBRARIES = YES;
				BUNDLE_LOADER = "$(TEST_HOST)";
				INFOPLIST_FILE = FliCalcTests/Info.plist;
				LD_RUNPATH_SEARCH_PATHS = "$(inherited) @executable_path/Frameworks @loader_path/Frameworks";
				PRODUCT_BUNDLE_IDENTIFIER = vandom.FliCalcTests;
				PRODUCT_NAME = "$(TARGET_NAME)";
				SWIFT_VERSION = 3.0;
				TEST_HOST = "$(BUILT_PRODUCTS_DIR)/FliCalc.app/FliCalc";
			};
			name = Debug;
		};
		DD219D781E16C336003EB294 /* Release */ = {
			isa = XCBuildConfiguration;
			buildSettings = {
				ALWAYS_EMBED_SWIFT_STANDARD_LIBRARIES = YES;
				BUNDLE_LOADER = "$(TEST_HOST)";
				INFOPLIST_FILE = FliCalcTests/Info.plist;
				LD_RUNPATH_SEARCH_PATHS = "$(inherited) @executable_path/Frameworks @loader_path/Frameworks";
				PRODUCT_BUNDLE_IDENTIFIER = vandom.FliCalcTests;
				PRODUCT_NAME = "$(TARGET_NAME)";
				SWIFT_VERSION = 3.0;
				TEST_HOST = "$(BUILT_PRODUCTS_DIR)/FliCalc.app/FliCalc";
			};
			name = Release;
		};
		DD219D7A1E16C336003EB294 /* Debug */ = {
			isa = XCBuildConfiguration;
			buildSettings = {
				ALWAYS_EMBED_SWIFT_STANDARD_LIBRARIES = YES;
				INFOPLIST_FILE = FliCalcUITests/Info.plist;
				LD_RUNPATH_SEARCH_PATHS = "$(inherited) @executable_path/Frameworks @loader_path/Frameworks";
				PRODUCT_BUNDLE_IDENTIFIER = vandom.FliCalcUITests;
				PRODUCT_NAME = "$(TARGET_NAME)";
				SWIFT_VERSION = 3.0;
				TEST_TARGET_NAME = FliCalc;
			};
			name = Debug;
		};
		DD219D7B1E16C336003EB294 /* Release */ = {
			isa = XCBuildConfiguration;
			buildSettings = {
				ALWAYS_EMBED_SWIFT_STANDARD_LIBRARIES = YES;
				INFOPLIST_FILE = FliCalcUITests/Info.plist;
				LD_RUNPATH_SEARCH_PATHS = "$(inherited) @executable_path/Frameworks @loader_path/Frameworks";
				PRODUCT_BUNDLE_IDENTIFIER = vandom.FliCalcUITests;
				PRODUCT_NAME = "$(TARGET_NAME)";
				SWIFT_VERSION = 3.0;
				TEST_TARGET_NAME = FliCalc;
			};
			name = Release;
		};
/* End XCBuildConfiguration section */

/* Begin XCConfigurationList section */
		DD219D461E16C336003EB294 /* Build configuration list for PBXProject "FliCalc" */ = {
			isa = XCConfigurationList;
			buildConfigurations = (
				DD219D711E16C336003EB294 /* Debug */,
				DD219D721E16C336003EB294 /* Release */,
			);
			defaultConfigurationIsVisible = 0;
			defaultConfigurationName = Release;
		};
		DD219D731E16C336003EB294 /* Build configuration list for PBXNativeTarget "FliCalc" */ = {
			isa = XCConfigurationList;
			buildConfigurations = (
				DD219D741E16C336003EB294 /* Debug */,
				DD219D751E16C336003EB294 /* Release */,
			);
			defaultConfigurationIsVisible = 0;
			defaultConfigurationName = Release;
		};
		DD219D761E16C336003EB294 /* Build configuration list for PBXNativeTarget "FliCalcTests" */ = {
			isa = XCConfigurationList;
			buildConfigurations = (
				DD219D771E16C336003EB294 /* Debug */,
				DD219D781E16C336003EB294 /* Release */,
			);
			defaultConfigurationIsVisible = 0;
			defaultConfigurationName = Release;
		};
		DD219D791E16C336003EB294 /* Build configuration list for PBXNativeTarget "FliCalcUITests" */ = {
			isa = XCConfigurationList;
			buildConfigurations = (
				DD219D7A1E16C336003EB294 /* Debug */,
				DD219D7B1E16C336003EB294 /* Release */,
			);
			defaultConfigurationIsVisible = 0;
			defaultConfigurationName = Release;
		};
/* End XCConfigurationList section */
	};
	rootObject = DD219D431E16C336003EB294 /* Project object */;
}
